// !$*UTF8*$!
{
	archiveVersion = 1;
	classes = {
	};
	objectVersion = 50;
	objects = {

/* Begin PBXBuildFile section */
		18BF9F431FDC4000530ED12C /* Pods_add2app_hostTests.framework in Frameworks */ = {isa = PBXBuildFile; fileRef = D4E57339B6FAF56A51B666FA /* Pods_add2app_hostTests.framework */; };
		50072B6F26FCA9990075B684 /* add2app_hostApp.swift in Sources */ = {isa = PBXBuildFile; fileRef = 50072B6E26FCA9990075B684 /* add2app_hostApp.swift */; };
		50072B7126FCA9990075B684 /* ContentView.swift in Sources */ = {isa = PBXBuildFile; fileRef = 50072B7026FCA9990075B684 /* ContentView.swift */; };
		50072B7326FCA99A0075B684 /* Assets.xcassets in Resources */ = {isa = PBXBuildFile; fileRef = 50072B7226FCA99A0075B684 /* Assets.xcassets */; };
		50072B7626FCA99A0075B684 /* Preview Assets.xcassets in Resources */ = {isa = PBXBuildFile; fileRef = 50072B7526FCA99A0075B684 /* Preview Assets.xcassets */; };
		50072B8126FCA99B0075B684 /* add2app_hostTests.swift in Sources */ = {isa = PBXBuildFile; fileRef = 50072B8026FCA99B0075B684 /* add2app_hostTests.swift */; };
		50072B8C26FCA99B0075B684 /* add2app_hostUITests.swift in Sources */ = {isa = PBXBuildFile; fileRef = 50072B8B26FCA99B0075B684 /* add2app_hostUITests.swift */; };
		72C9F54DDD19DE0AFAF479C4 /* Pods_add2app_host.framework in Frameworks */ = {isa = PBXBuildFile; fileRef = 98A1A6BB53BD1862CDB449C0 /* Pods_add2app_host.framework */; };
		9C2DEAA0E288E9C6C3D3FF35 /* Pods_add2app_host_add2app_hostUITests.framework in Frameworks */ = {isa = PBXBuildFile; fileRef = 60EEB72921A7C36989DC646D /* Pods_add2app_host_add2app_hostUITests.framework */; };
/* End PBXBuildFile section */

/* Begin PBXContainerItemProxy section */
		50072B7D26FCA99B0075B684 /* PBXContainerItemProxy */ = {
			isa = PBXContainerItemProxy;
			containerPortal = 50072B6326FCA9990075B684 /* Project object */;
			proxyType = 1;
			remoteGlobalIDString = 50072B6A26FCA9990075B684;
			remoteInfo = "add2app-host";
		};
		50072B8826FCA99B0075B684 /* PBXContainerItemProxy */ = {
			isa = PBXContainerItemProxy;
			containerPortal = 50072B6326FCA9990075B684 /* Project object */;
			proxyType = 1;
			remoteGlobalIDString = 50072B6A26FCA9990075B684;
			remoteInfo = "add2app-host";
		};
/* End PBXContainerItemProxy section */

/* Begin PBXFileReference section */
		1C787DB89F30E7536A173767 /* Pods-add2app-hostTests.release.xcconfig */ = {isa = PBXFileReference; includeInIndex = 1; lastKnownFileType = text.xcconfig; name = "Pods-add2app-hostTests.release.xcconfig"; path = "Target Support Files/Pods-add2app-hostTests/Pods-add2app-hostTests.release.xcconfig"; sourceTree = "<group>"; };
		40AE28192DF41AAFB1EC4567 /* Pods-add2app-host-add2app-hostUITests.release.xcconfig */ = {isa = PBXFileReference; includeInIndex = 1; lastKnownFileType = text.xcconfig; name = "Pods-add2app-host-add2app-hostUITests.release.xcconfig"; path = "Target Support Files/Pods-add2app-host-add2app-hostUITests/Pods-add2app-host-add2app-hostUITests.release.xcconfig"; sourceTree = "<group>"; };
		50072B6B26FCA9990075B684 /* add2app-host.app */ = {isa = PBXFileReference; explicitFileType = wrapper.application; includeInIndex = 0; path = "add2app-host.app"; sourceTree = BUILT_PRODUCTS_DIR; };
		50072B6E26FCA9990075B684 /* add2app_hostApp.swift */ = {isa = PBXFileReference; lastKnownFileType = sourcecode.swift; path = add2app_hostApp.swift; sourceTree = "<group>"; };
		50072B7026FCA9990075B684 /* ContentView.swift */ = {isa = PBXFileReference; lastKnownFileType = sourcecode.swift; path = ContentView.swift; sourceTree = "<group>"; };
		50072B7226FCA99A0075B684 /* Assets.xcassets */ = {isa = PBXFileReference; lastKnownFileType = folder.assetcatalog; path = Assets.xcassets; sourceTree = "<group>"; };
		50072B7526FCA99A0075B684 /* Preview Assets.xcassets */ = {isa = PBXFileReference; lastKnownFileType = folder.assetcatalog; path = "Preview Assets.xcassets"; sourceTree = "<group>"; };
		50072B7726FCA99A0075B684 /* Info.plist */ = {isa = PBXFileReference; lastKnownFileType = text.plist.xml; path = Info.plist; sourceTree = "<group>"; };
		50072B7C26FCA99B0075B684 /* add2app-hostTests.xctest */ = {isa = PBXFileReference; explicitFileType = wrapper.cfbundle; includeInIndex = 0; path = "add2app-hostTests.xctest"; sourceTree = BUILT_PRODUCTS_DIR; };
		50072B8026FCA99B0075B684 /* add2app_hostTests.swift */ = {isa = PBXFileReference; lastKnownFileType = sourcecode.swift; path = add2app_hostTests.swift; sourceTree = "<group>"; };
		50072B8226FCA99B0075B684 /* Info.plist */ = {isa = PBXFileReference; lastKnownFileType = text.plist.xml; path = Info.plist; sourceTree = "<group>"; };
		50072B8726FCA99B0075B684 /* add2app-hostUITests.xctest */ = {isa = PBXFileReference; explicitFileType = wrapper.cfbundle; includeInIndex = 0; path = "add2app-hostUITests.xctest"; sourceTree = BUILT_PRODUCTS_DIR; };
		50072B8B26FCA99B0075B684 /* add2app_hostUITests.swift */ = {isa = PBXFileReference; lastKnownFileType = sourcecode.swift; path = add2app_hostUITests.swift; sourceTree = "<group>"; };
		50072B8D26FCA99B0075B684 /* Info.plist */ = {isa = PBXFileReference; lastKnownFileType = text.plist.xml; path = Info.plist; sourceTree = "<group>"; };
		60EEB72921A7C36989DC646D /* Pods_add2app_host_add2app_hostUITests.framework */ = {isa = PBXFileReference; explicitFileType = wrapper.framework; includeInIndex = 0; path = Pods_add2app_host_add2app_hostUITests.framework; sourceTree = BUILT_PRODUCTS_DIR; };
		73C78E0DEE8BE2ACEF18A194 /* Pods-add2app-host-add2app-hostUITests.debug.xcconfig */ = {isa = PBXFileReference; includeInIndex = 1; lastKnownFileType = text.xcconfig; name = "Pods-add2app-host-add2app-hostUITests.debug.xcconfig"; path = "Target Support Files/Pods-add2app-host-add2app-hostUITests/Pods-add2app-host-add2app-hostUITests.debug.xcconfig"; sourceTree = "<group>"; };
		7A964ABA8F62BEE71C48A566 /* Pods-add2app-hostTests.debug.xcconfig */ = {isa = PBXFileReference; includeInIndex = 1; lastKnownFileType = text.xcconfig; name = "Pods-add2app-hostTests.debug.xcconfig"; path = "Target Support Files/Pods-add2app-hostTests/Pods-add2app-hostTests.debug.xcconfig"; sourceTree = "<group>"; };
		98A1A6BB53BD1862CDB449C0 /* Pods_add2app_host.framework */ = {isa = PBXFileReference; explicitFileType = wrapper.framework; includeInIndex = 0; path = Pods_add2app_host.framework; sourceTree = BUILT_PRODUCTS_DIR; };
		D4E57339B6FAF56A51B666FA /* Pods_add2app_hostTests.framework */ = {isa = PBXFileReference; explicitFileType = wrapper.framework; includeInIndex = 0; path = Pods_add2app_hostTests.framework; sourceTree = BUILT_PRODUCTS_DIR; };
		DD444E007215C839929FAC3F /* Pods-add2app-host.release.xcconfig */ = {isa = PBXFileReference; includeInIndex = 1; lastKnownFileType = text.xcconfig; name = "Pods-add2app-host.release.xcconfig"; path = "Target Support Files/Pods-add2app-host/Pods-add2app-host.release.xcconfig"; sourceTree = "<group>"; };
		F7FF1173F792991C62C53F6A /* Pods-add2app-host.debug.xcconfig */ = {isa = PBXFileReference; includeInIndex = 1; lastKnownFileType = text.xcconfig; name = "Pods-add2app-host.debug.xcconfig"; path = "Target Support Files/Pods-add2app-host/Pods-add2app-host.debug.xcconfig"; sourceTree = "<group>"; };
/* End PBXFileReference section */

/* Begin PBXFrameworksBuildPhase section */
		50072B6826FCA9990075B684 /* Frameworks */ = {
			isa = PBXFrameworksBuildPhase;
			buildActionMask = 2147483647;
			files = (
				72C9F54DDD19DE0AFAF479C4 /* Pods_add2app_host.framework in Frameworks */,
			);
			runOnlyForDeploymentPostprocessing = 0;
		};
		50072B7926FCA99B0075B684 /* Frameworks */ = {
			isa = PBXFrameworksBuildPhase;
			buildActionMask = 2147483647;
			files = (
				18BF9F431FDC4000530ED12C /* Pods_add2app_hostTests.framework in Frameworks */,
			);
			runOnlyForDeploymentPostprocessing = 0;
		};
		50072B8426FCA99B0075B684 /* Frameworks */ = {
			isa = PBXFrameworksBuildPhase;
			buildActionMask = 2147483647;
			files = (
				9C2DEAA0E288E9C6C3D3FF35 /* Pods_add2app_host_add2app_hostUITests.framework in Frameworks */,
			);
			runOnlyForDeploymentPostprocessing = 0;
		};
/* End PBXFrameworksBuildPhase section */

/* Begin PBXGroup section */
		3B1DFF9D300F2A6C6F1FD666 /* Pods */ = {
			isa = PBXGroup;
			children = (
				F7FF1173F792991C62C53F6A /* Pods-add2app-host.debug.xcconfig */,
				DD444E007215C839929FAC3F /* Pods-add2app-host.release.xcconfig */,
				73C78E0DEE8BE2ACEF18A194 /* Pods-add2app-host-add2app-hostUITests.debug.xcconfig */,
				40AE28192DF41AAFB1EC4567 /* Pods-add2app-host-add2app-hostUITests.release.xcconfig */,
				7A964ABA8F62BEE71C48A566 /* Pods-add2app-hostTests.debug.xcconfig */,
				1C787DB89F30E7536A173767 /* Pods-add2app-hostTests.release.xcconfig */,
			);
			name = Pods;
			path = Pods;
			sourceTree = "<group>";
		};
		50072B6226FCA9990075B684 = {
			isa = PBXGroup;
			children = (
				50072B6D26FCA9990075B684 /* add2app-host */,
				50072B7F26FCA99B0075B684 /* add2app-hostTests */,
				50072B8A26FCA99B0075B684 /* add2app-hostUITests */,
				50072B6C26FCA9990075B684 /* Products */,
				3B1DFF9D300F2A6C6F1FD666 /* Pods */,
				A8775083F5361FB6909947F8 /* Frameworks */,
			);
			sourceTree = "<group>";
		};
		50072B6C26FCA9990075B684 /* Products */ = {
			isa = PBXGroup;
			children = (
				50072B6B26FCA9990075B684 /* add2app-host.app */,
				50072B7C26FCA99B0075B684 /* add2app-hostTests.xctest */,
				50072B8726FCA99B0075B684 /* add2app-hostUITests.xctest */,
			);
			name = Products;
			sourceTree = "<group>";
		};
		50072B6D26FCA9990075B684 /* add2app-host */ = {
			isa = PBXGroup;
			children = (
				50072B6E26FCA9990075B684 /* add2app_hostApp.swift */,
				50072B7026FCA9990075B684 /* ContentView.swift */,
				50072B7226FCA99A0075B684 /* Assets.xcassets */,
				50072B7726FCA99A0075B684 /* Info.plist */,
				50072B7426FCA99A0075B684 /* Preview Content */,
			);
			path = "add2app-host";
			sourceTree = "<group>";
		};
		50072B7426FCA99A0075B684 /* Preview Content */ = {
			isa = PBXGroup;
			children = (
				50072B7526FCA99A0075B684 /* Preview Assets.xcassets */,
			);
			path = "Preview Content";
			sourceTree = "<group>";
		};
		50072B7F26FCA99B0075B684 /* add2app-hostTests */ = {
			isa = PBXGroup;
			children = (
				50072B8026FCA99B0075B684 /* add2app_hostTests.swift */,
				50072B8226FCA99B0075B684 /* Info.plist */,
			);
			path = "add2app-hostTests";
			sourceTree = "<group>";
		};
		50072B8A26FCA99B0075B684 /* add2app-hostUITests */ = {
			isa = PBXGroup;
			children = (
				50072B8B26FCA99B0075B684 /* add2app_hostUITests.swift */,
				50072B8D26FCA99B0075B684 /* Info.plist */,
			);
			path = "add2app-hostUITests";
			sourceTree = "<group>";
		};
		A8775083F5361FB6909947F8 /* Frameworks */ = {
			isa = PBXGroup;
			children = (
				98A1A6BB53BD1862CDB449C0 /* Pods_add2app_host.framework */,
				60EEB72921A7C36989DC646D /* Pods_add2app_host_add2app_hostUITests.framework */,
				D4E57339B6FAF56A51B666FA /* Pods_add2app_hostTests.framework */,
			);
			name = Frameworks;
			sourceTree = "<group>";
		};
/* End PBXGroup section */

/* Begin PBXNativeTarget section */
		50072B6A26FCA9990075B684 /* add2app-host */ = {
			isa = PBXNativeTarget;
			buildConfigurationList = 50072B9026FCA99B0075B684 /* Build configuration list for PBXNativeTarget "add2app-host" */;
			buildPhases = (
				1EAC06FF44DDE599F2E67AA6 /* [CP] Check Pods Manifest.lock */,
				7B1D2FAF95B382202D87692B /* [CP-User] Run Flutter Build my_flutter Script */,
				50072B6726FCA9990075B684 /* Sources */,
				50072B6826FCA9990075B684 /* Frameworks */,
				50072B6926FCA9990075B684 /* Resources */,
				E3BBAEDA9A77A310B5DD3713 /* [CP] Embed Pods Frameworks */,
			);
			buildRules = (
			);
			dependencies = (
			);
			name = "add2app-host";
			productName = "add2app-host";
			productReference = 50072B6B26FCA9990075B684 /* add2app-host.app */;
			productType = "com.apple.product-type.application";
		};
		50072B7B26FCA99B0075B684 /* add2app-hostTests */ = {
			isa = PBXNativeTarget;
			buildConfigurationList = 50072B9326FCA99B0075B684 /* Build configuration list for PBXNativeTarget "add2app-hostTests" */;
			buildPhases = (
				359F220FD929B3AC67503B64 /* [CP] Check Pods Manifest.lock */,
				50072B7826FCA99B0075B684 /* Sources */,
				50072B7926FCA99B0075B684 /* Frameworks */,
				50072B7A26FCA99B0075B684 /* Resources */,
			);
			buildRules = (
			);
			dependencies = (
				50072B7E26FCA99B0075B684 /* PBXTargetDependency */,
			);
			name = "add2app-hostTests";
			productName = "add2app-hostTests";
			productReference = 50072B7C26FCA99B0075B684 /* add2app-hostTests.xctest */;
			productType = "com.apple.product-type.bundle.unit-test";
		};
		50072B8626FCA99B0075B684 /* add2app-hostUITests */ = {
			isa = PBXNativeTarget;
			buildConfigurationList = 50072B9626FCA99B0075B684 /* Build configuration list for PBXNativeTarget "add2app-hostUITests" */;
			buildPhases = (
				E5D7CA614EF5800CD7F482D6 /* [CP] Check Pods Manifest.lock */,
				50072B8326FCA99B0075B684 /* Sources */,
				50072B8426FCA99B0075B684 /* Frameworks */,
				50072B8526FCA99B0075B684 /* Resources */,
				5869B50B4749DF7631A61CE8 /* [CP] Embed Pods Frameworks */,
			);
			buildRules = (
			);
			dependencies = (
				50072B8926FCA99B0075B684 /* PBXTargetDependency */,
			);
			name = "add2app-hostUITests";
			productName = "add2app-hostUITests";
			productReference = 50072B8726FCA99B0075B684 /* add2app-hostUITests.xctest */;
			productType = "com.apple.product-type.bundle.ui-testing";
		};
/* End PBXNativeTarget section */

/* Begin PBXProject section */
		50072B6326FCA9990075B684 /* Project object */ = {
			isa = PBXProject;
			attributes = {
				LastSwiftUpdateCheck = 1250;
				LastUpgradeCheck = 1250;
				TargetAttributes = {
					50072B6A26FCA9990075B684 = {
						CreatedOnToolsVersion = 12.5.1;
					};
					50072B7B26FCA99B0075B684 = {
						CreatedOnToolsVersion = 12.5.1;
						TestTargetID = 50072B6A26FCA9990075B684;
					};
					50072B8626FCA99B0075B684 = {
						CreatedOnToolsVersion = 12.5.1;
						TestTargetID = 50072B6A26FCA9990075B684;
					};
				};
			};
			buildConfigurationList = 50072B6626FCA9990075B684 /* Build configuration list for PBXProject "add2app-host" */;
			compatibilityVersion = "Xcode 9.3";
			developmentRegion = en;
			hasScannedForEncodings = 0;
			knownRegions = (
				en,
				Base,
			);
			mainGroup = 50072B6226FCA9990075B684;
			productRefGroup = 50072B6C26FCA9990075B684 /* Products */;
			projectDirPath = "";
			projectRoot = "";
			targets = (
				50072B6A26FCA9990075B684 /* add2app-host */,
				50072B7B26FCA99B0075B684 /* add2app-hostTests */,
				50072B8626FCA99B0075B684 /* add2app-hostUITests */,
			);
		};
/* End PBXProject section */

/* Begin PBXResourcesBuildPhase section */
		50072B6926FCA9990075B684 /* Resources */ = {
			isa = PBXResourcesBuildPhase;
			buildActionMask = 2147483647;
			files = (
				50072B7626FCA99A0075B684 /* Preview Assets.xcassets in Resources */,
				50072B7326FCA99A0075B684 /* Assets.xcassets in Resources */,
			);
			runOnlyForDeploymentPostprocessing = 0;
		};
		50072B7A26FCA99B0075B684 /* Resources */ = {
			isa = PBXResourcesBuildPhase;
			buildActionMask = 2147483647;
			files = (
			);
			runOnlyForDeploymentPostprocessing = 0;
		};
		50072B8526FCA99B0075B684 /* Resources */ = {
			isa = PBXResourcesBuildPhase;
			buildActionMask = 2147483647;
			files = (
			);
			runOnlyForDeploymentPostprocessing = 0;
		};
/* End PBXResourcesBuildPhase section */

/* Begin PBXShellScriptBuildPhase section */
		1EAC06FF44DDE599F2E67AA6 /* [CP] Check Pods Manifest.lock */ = {
			isa = PBXShellScriptBuildPhase;
			buildActionMask = 2147483647;
			files = (
			);
			inputFileListPaths = (
			);
			inputPaths = (
				"${PODS_PODFILE_DIR_PATH}/Podfile.lock",
				"${PODS_ROOT}/Manifest.lock",
			);
			name = "[CP] Check Pods Manifest.lock";
			outputFileListPaths = (
			);
			outputPaths = (
				"$(DERIVED_FILE_DIR)/Pods-add2app-host-checkManifestLockResult.txt",
			);
			runOnlyForDeploymentPostprocessing = 0;
			shellPath = /bin/sh;
			shellScript = "diff \"${PODS_PODFILE_DIR_PATH}/Podfile.lock\" \"${PODS_ROOT}/Manifest.lock\" > /dev/null\nif [ $? != 0 ] ; then\n    # print error to STDERR\n    echo \"error: The sandbox is not in sync with the Podfile.lock. Run 'pod install' or update your CocoaPods installation.\" >&2\n    exit 1\nfi\n# This output is used by Xcode 'outputs' to avoid re-running this script phase.\necho \"SUCCESS\" > \"${SCRIPT_OUTPUT_FILE_0}\"\n";
			showEnvVarsInLog = 0;
		};
		359F220FD929B3AC67503B64 /* [CP] Check Pods Manifest.lock */ = {
			isa = PBXShellScriptBuildPhase;
			buildActionMask = 2147483647;
			files = (
			);
			inputFileListPaths = (
			);
			inputPaths = (
				"${PODS_PODFILE_DIR_PATH}/Podfile.lock",
				"${PODS_ROOT}/Manifest.lock",
			);
			name = "[CP] Check Pods Manifest.lock";
			outputFileListPaths = (
			);
			outputPaths = (
				"$(DERIVED_FILE_DIR)/Pods-add2app-hostTests-checkManifestLockResult.txt",
			);
			runOnlyForDeploymentPostprocessing = 0;
			shellPath = /bin/sh;
			shellScript = "diff \"${PODS_PODFILE_DIR_PATH}/Podfile.lock\" \"${PODS_ROOT}/Manifest.lock\" > /dev/null\nif [ $? != 0 ] ; then\n    # print error to STDERR\n    echo \"error: The sandbox is not in sync with the Podfile.lock. Run 'pod install' or update your CocoaPods installation.\" >&2\n    exit 1\nfi\n# This output is used by Xcode 'outputs' to avoid re-running this script phase.\necho \"SUCCESS\" > \"${SCRIPT_OUTPUT_FILE_0}\"\n";
			showEnvVarsInLog = 0;
		};
		5869B50B4749DF7631A61CE8 /* [CP] Embed Pods Frameworks */ = {
			isa = PBXShellScriptBuildPhase;
			buildActionMask = 2147483647;
			files = (
			);
			inputFileListPaths = (
				"${PODS_ROOT}/Target Support Files/Pods-add2app-host-add2app-hostUITests/Pods-add2app-host-add2app-hostUITests-frameworks-${CONFIGURATION}-input-files.xcfilelist",
			);
			name = "[CP] Embed Pods Frameworks";
			outputFileListPaths = (
				"${PODS_ROOT}/Target Support Files/Pods-add2app-host-add2app-hostUITests/Pods-add2app-host-add2app-hostUITests-frameworks-${CONFIGURATION}-output-files.xcfilelist",
			);
			runOnlyForDeploymentPostprocessing = 0;
			shellPath = /bin/sh;
			shellScript = "\"${PODS_ROOT}/Target Support Files/Pods-add2app-host-add2app-hostUITests/Pods-add2app-host-add2app-hostUITests-frameworks.sh\"\n";
			showEnvVarsInLog = 0;
		};
		7B1D2FAF95B382202D87692B /* [CP-User] Run Flutter Build my_flutter Script */ = {
			isa = PBXShellScriptBuildPhase;
			buildActionMask = 2147483647;
			files = (
			);
			name = "[CP-User] Run Flutter Build my_flutter Script";
			runOnlyForDeploymentPostprocessing = 0;
			shellPath = /bin/sh;
			shellScript = "set -e\nset -u\nsource \"${SRCROOT}/my_flutter/.ios/Flutter/flutter_export_environment.sh\"\nexport VERBOSE_SCRIPT_LOGGING=1 && \"$FLUTTER_ROOT\"/packages/flutter_tools/bin/xcode_backend.sh build";
		};
		E3BBAEDA9A77A310B5DD3713 /* [CP] Embed Pods Frameworks */ = {
			isa = PBXShellScriptBuildPhase;
			buildActionMask = 2147483647;
			files = (
			);
			inputFileListPaths = (
				"${PODS_ROOT}/Target Support Files/Pods-add2app-host/Pods-add2app-host-frameworks-${CONFIGURATION}-input-files.xcfilelist",
			);
			name = "[CP] Embed Pods Frameworks";
			outputFileListPaths = (
				"${PODS_ROOT}/Target Support Files/Pods-add2app-host/Pods-add2app-host-frameworks-${CONFIGURATION}-output-files.xcfilelist",
			);
			runOnlyForDeploymentPostprocessing = 0;
			shellPath = /bin/sh;
			shellScript = "\"${PODS_ROOT}/Target Support Files/Pods-add2app-host/Pods-add2app-host-frameworks.sh\"\n";
			showEnvVarsInLog = 0;
		};
		E5D7CA614EF5800CD7F482D6 /* [CP] Check Pods Manifest.lock */ = {
			isa = PBXShellScriptBuildPhase;
			buildActionMask = 2147483647;
			files = (
			);
			inputFileListPaths = (
			);
			inputPaths = (
				"${PODS_PODFILE_DIR_PATH}/Podfile.lock",
				"${PODS_ROOT}/Manifest.lock",
			);
			name = "[CP] Check Pods Manifest.lock";
			outputFileListPaths = (
			);
			outputPaths = (
				"$(DERIVED_FILE_DIR)/Pods-add2app-host-add2app-hostUITests-checkManifestLockResult.txt",
			);
			runOnlyForDeploymentPostprocessing = 0;
			shellPath = /bin/sh;
			shellScript = "diff \"${PODS_PODFILE_DIR_PATH}/Podfile.lock\" \"${PODS_ROOT}/Manifest.lock\" > /dev/null\nif [ $? != 0 ] ; then\n    # print error to STDERR\n    echo \"error: The sandbox is not in sync with the Podfile.lock. Run 'pod install' or update your CocoaPods installation.\" >&2\n    exit 1\nfi\n# This output is used by Xcode 'outputs' to avoid re-running this script phase.\necho \"SUCCESS\" > \"${SCRIPT_OUTPUT_FILE_0}\"\n";
			showEnvVarsInLog = 0;
		};
/* End PBXShellScriptBuildPhase section */

/* Begin PBXSourcesBuildPhase section */
		50072B6726FCA9990075B684 /* Sources */ = {
			isa = PBXSourcesBuildPhase;
			buildActionMask = 2147483647;
			files = (
				50072B7126FCA9990075B684 /* ContentView.swift in Sources */,
				50072B6F26FCA9990075B684 /* add2app_hostApp.swift in Sources */,
			);
			runOnlyForDeploymentPostprocessing = 0;
		};
		50072B7826FCA99B0075B684 /* Sources */ = {
			isa = PBXSourcesBuildPhase;
			buildActionMask = 2147483647;
			files = (
				50072B8126FCA99B0075B684 /* add2app_hostTests.swift in Sources */,
			);
			runOnlyForDeploymentPostprocessing = 0;
		};
		50072B8326FCA99B0075B684 /* Sources */ = {
			isa = PBXSourcesBuildPhase;
			buildActionMask = 2147483647;
			files = (
				50072B8C26FCA99B0075B684 /* add2app_hostUITests.swift in Sources */,
			);
			runOnlyForDeploymentPostprocessing = 0;
		};
/* End PBXSourcesBuildPhase section */

/* Begin PBXTargetDependency section */
		50072B7E26FCA99B0075B684 /* PBXTargetDependency */ = {
			isa = PBXTargetDependency;
			target = 50072B6A26FCA9990075B684 /* add2app-host */;
			targetProxy = 50072B7D26FCA99B0075B684 /* PBXContainerItemProxy */;
		};
		50072B8926FCA99B0075B684 /* PBXTargetDependency */ = {
			isa = PBXTargetDependency;
			target = 50072B6A26FCA9990075B684 /* add2app-host */;
			targetProxy = 50072B8826FCA99B0075B684 /* PBXContainerItemProxy */;
		};
/* End PBXTargetDependency section */

/* Begin XCBuildConfiguration section */
		50072B8E26FCA99B0075B684 /* Debug */ = {
			isa = XCBuildConfiguration;
			buildSettings = {
				ALWAYS_SEARCH_USER_PATHS = NO;
				CLANG_ANALYZER_NONNULL = YES;
				CLANG_ANALYZER_NUMBER_OBJECT_CONVERSION = YES_AGGRESSIVE;
				CLANG_CXX_LANGUAGE_STANDARD = "gnu++14";
				CLANG_CXX_LIBRARY = "libc++";
				CLANG_ENABLE_MODULES = YES;
				CLANG_ENABLE_OBJC_ARC = YES;
				CLANG_ENABLE_OBJC_WEAK = YES;
				CLANG_WARN_BLOCK_CAPTURE_AUTORELEASING = YES;
				CLANG_WARN_BOOL_CONVERSION = YES;
				CLANG_WARN_COMMA = YES;
				CLANG_WARN_CONSTANT_CONVERSION = YES;
				CLANG_WARN_DEPRECATED_OBJC_IMPLEMENTATIONS = YES;
				CLANG_WARN_DIRECT_OBJC_ISA_USAGE = YES_ERROR;
				CLANG_WARN_DOCUMENTATION_COMMENTS = YES;
				CLANG_WARN_EMPTY_BODY = YES;
				CLANG_WARN_ENUM_CONVERSION = YES;
				CLANG_WARN_INFINITE_RECURSION = YES;
				CLANG_WARN_INT_CONVERSION = YES;
				CLANG_WARN_NON_LITERAL_NULL_CONVERSION = YES;
				CLANG_WARN_OBJC_IMPLICIT_RETAIN_SELF = YES;
				CLANG_WARN_OBJC_LITERAL_CONVERSION = YES;
				CLANG_WARN_OBJC_ROOT_CLASS = YES_ERROR;
				CLANG_WARN_QUOTED_INCLUDE_IN_FRAMEWORK_HEADER = YES;
				CLANG_WARN_RANGE_LOOP_ANALYSIS = YES;
				CLANG_WARN_STRICT_PROTOTYPES = YES;
				CLANG_WARN_SUSPICIOUS_MOVE = YES;
				CLANG_WARN_UNGUARDED_AVAILABILITY = YES_AGGRESSIVE;
				CLANG_WARN_UNREACHABLE_CODE = YES;
				CLANG_WARN__DUPLICATE_METHOD_MATCH = YES;
				COPY_PHASE_STRIP = NO;
				DEBUG_INFORMATION_FORMAT = dwarf;
				ENABLE_STRICT_OBJC_MSGSEND = YES;
				ENABLE_TESTABILITY = YES;
				GCC_C_LANGUAGE_STANDARD = gnu11;
				GCC_DYNAMIC_NO_PIC = NO;
				GCC_NO_COMMON_BLOCKS = YES;
				GCC_OPTIMIZATION_LEVEL = 0;
				GCC_PREPROCESSOR_DEFINITIONS = (
					"DEBUG=1",
					"$(inherited)",
				);
				GCC_WARN_64_TO_32_BIT_CONVERSION = YES;
				GCC_WARN_ABOUT_RETURN_TYPE = YES_ERROR;
				GCC_WARN_UNDECLARED_SELECTOR = YES;
				GCC_WARN_UNINITIALIZED_AUTOS = YES_AGGRESSIVE;
				GCC_WARN_UNUSED_FUNCTION = YES;
				GCC_WARN_UNUSED_VARIABLE = YES;
				IPHONEOS_DEPLOYMENT_TARGET = 14.5;
				MTL_ENABLE_DEBUG_INFO = INCLUDE_SOURCE;
				MTL_FAST_MATH = YES;
				ONLY_ACTIVE_ARCH = YES;
				SDKROOT = iphoneos;
				SWIFT_ACTIVE_COMPILATION_CONDITIONS = DEBUG;
				SWIFT_OPTIMIZATION_LEVEL = "-Onone";
			};
			name = Debug;
		};
		50072B8F26FCA99B0075B684 /* Release */ = {
			isa = XCBuildConfiguration;
			buildSettings = {
				ALWAYS_SEARCH_USER_PATHS = NO;
				CLANG_ANALYZER_NONNULL = YES;
				CLANG_ANALYZER_NUMBER_OBJECT_CONVERSION = YES_AGGRESSIVE;
				CLANG_CXX_LANGUAGE_STANDARD = "gnu++14";
				CLANG_CXX_LIBRARY = "libc++";
				CLANG_ENABLE_MODULES = YES;
				CLANG_ENABLE_OBJC_ARC = YES;
				CLANG_ENABLE_OBJC_WEAK = YES;
				CLANG_WARN_BLOCK_CAPTURE_AUTORELEASING = YES;
				CLANG_WARN_BOOL_CONVERSION = YES;
				CLANG_WARN_COMMA = YES;
				CLANG_WARN_CONSTANT_CONVERSION = YES;
				CLANG_WARN_DEPRECATED_OBJC_IMPLEMENTATIONS = YES;
				CLANG_WARN_DIRECT_OBJC_ISA_USAGE = YES_ERROR;
				CLANG_WARN_DOCUMENTATION_COMMENTS = YES;
				CLANG_WARN_EMPTY_BODY = YES;
				CLANG_WARN_ENUM_CONVERSION = YES;
				CLANG_WARN_INFINITE_RECURSION = YES;
				CLANG_WARN_INT_CONVERSION = YES;
				CLANG_WARN_NON_LITERAL_NULL_CONVERSION = YES;
				CLANG_WARN_OBJC_IMPLICIT_RETAIN_SELF = YES;
				CLANG_WARN_OBJC_LITERAL_CONVERSION = YES;
				CLANG_WARN_OBJC_ROOT_CLASS = YES_ERROR;
				CLANG_WARN_QUOTED_INCLUDE_IN_FRAMEWORK_HEADER = YES;
				CLANG_WARN_RANGE_LOOP_ANALYSIS = YES;
				CLANG_WARN_STRICT_PROTOTYPES = YES;
				CLANG_WARN_SUSPICIOUS_MOVE = YES;
				CLANG_WARN_UNGUARDED_AVAILABILITY = YES_AGGRESSIVE;
				CLANG_WARN_UNREACHABLE_CODE = YES;
				CLANG_WARN__DUPLICATE_METHOD_MATCH = YES;
				COPY_PHASE_STRIP = NO;
				DEBUG_INFORMATION_FORMAT = "dwarf-with-dsym";
				ENABLE_NS_ASSERTIONS = NO;
				ENABLE_STRICT_OBJC_MSGSEND = YES;
				GCC_C_LANGUAGE_STANDARD = gnu11;
				GCC_NO_COMMON_BLOCKS = YES;
				GCC_WARN_64_TO_32_BIT_CONVERSION = YES;
				GCC_WARN_ABOUT_RETURN_TYPE = YES_ERROR;
				GCC_WARN_UNDECLARED_SELECTOR = YES;
				GCC_WARN_UNINITIALIZED_AUTOS = YES_AGGRESSIVE;
				GCC_WARN_UNUSED_FUNCTION = YES;
				GCC_WARN_UNUSED_VARIABLE = YES;
				IPHONEOS_DEPLOYMENT_TARGET = 14.5;
				MTL_ENABLE_DEBUG_INFO = NO;
				MTL_FAST_MATH = YES;
				SDKROOT = iphoneos;
				SWIFT_COMPILATION_MODE = wholemodule;
				SWIFT_OPTIMIZATION_LEVEL = "-O";
				VALIDATE_PRODUCT = YES;
			};
			name = Release;
		};
		50072B9126FCA99B0075B684 /* Debug */ = {
			isa = XCBuildConfiguration;
			baseConfigurationReference = F7FF1173F792991C62C53F6A /* Pods-add2app-host.debug.xcconfig */;
			buildSettings = {
				ASSETCATALOG_COMPILER_APPICON_NAME = AppIcon;
				ASSETCATALOG_COMPILER_GLOBAL_ACCENT_COLOR_NAME = AccentColor;
				CODE_SIGN_STYLE = Automatic;
				DART_DEFINES = U09NRV9WQUxVRT1zb21lX2RlYnVnX3ZhbHVl;
				DEVELOPMENT_ASSET_PATHS = "\"add2app-host/Preview Content\"";
				DEVELOPMENT_TEAM = 78HNRQ59C4;
				ENABLE_PREVIEWS = YES;
				INFOPLIST_FILE = "add2app-host/Info.plist";
				IPHONEOS_DEPLOYMENT_TARGET = 14.0;
				LD_RUNPATH_SEARCH_PATHS = (
					"$(inherited)",
					"@executable_path/Frameworks",
				);
				PRODUCT_BUNDLE_IDENTIFIER = "com.github.sakebook.add2app-host";
				PRODUCT_NAME = "$(TARGET_NAME)";
				SWIFT_VERSION = 5.0;
				TARGETED_DEVICE_FAMILY = "1,2";
			};
			name = Debug;
		};
		50072B9226FCA99B0075B684 /* Release */ = {
			isa = XCBuildConfiguration;
			baseConfigurationReference = DD444E007215C839929FAC3F /* Pods-add2app-host.release.xcconfig */;
			buildSettings = {
				ASSETCATALOG_COMPILER_APPICON_NAME = AppIcon;
				ASSETCATALOG_COMPILER_GLOBAL_ACCENT_COLOR_NAME = AccentColor;
				CODE_SIGN_STYLE = Automatic;
				DART_DEFINES = "U09NRV9WQUxVRT1zb21lX3JlbGVhc2VfdmFsdWU=";
				DEVELOPMENT_ASSET_PATHS = "\"add2app-host/Preview Content\"";
				DEVELOPMENT_TEAM = 78HNRQ59C4;
				ENABLE_PREVIEWS = YES;
				INFOPLIST_FILE = "add2app-host/Info.plist";
				IPHONEOS_DEPLOYMENT_TARGET = 14.0;
				LD_RUNPATH_SEARCH_PATHS = (
					"$(inherited)",
					"@executable_path/Frameworks",
				);
				PRODUCT_BUNDLE_IDENTIFIER = "com.github.sakebook.add2app-host";
				PRODUCT_NAME = "$(TARGET_NAME)";
				SWIFT_VERSION = 5.0;
				TARGETED_DEVICE_FAMILY = "1,2";
			};
			name = Release;
		};
		50072B9426FCA99B0075B684 /* Debug */ = {
			isa = XCBuildConfiguration;
			baseConfigurationReference = 7A964ABA8F62BEE71C48A566 /* Pods-add2app-hostTests.debug.xcconfig */;
			buildSettings = {
				ALWAYS_EMBED_SWIFT_STANDARD_LIBRARIES = YES;
				BUNDLE_LOADER = "$(TEST_HOST)";
				CODE_SIGN_STYLE = Automatic;
				DEVELOPMENT_TEAM = 78HNRQ59C4;
				INFOPLIST_FILE = "add2app-hostTests/Info.plist";
				IPHONEOS_DEPLOYMENT_TARGET = 14.0;
				LD_RUNPATH_SEARCH_PATHS = (
					"$(inherited)",
					"@executable_path/Frameworks",
					"@loader_path/Frameworks",
				);
				PRODUCT_BUNDLE_IDENTIFIER = "com.github.sakebook.add2app-hostTests";
				PRODUCT_NAME = "$(TARGET_NAME)";
				SWIFT_VERSION = 5.0;
				TARGETED_DEVICE_FAMILY = "1,2";
				TEST_HOST = "$(BUILT_PRODUCTS_DIR)/add2app-host.app/add2app-host";
			};
			name = Debug;
		};
		50072B9526FCA99B0075B684 /* Release */ = {
			isa = XCBuildConfiguration;
			baseConfigurationReference = 1C787DB89F30E7536A173767 /* Pods-add2app-hostTests.release.xcconfig */;
			buildSettings = {
				ALWAYS_EMBED_SWIFT_STANDARD_LIBRARIES = YES;
				BUNDLE_LOADER = "$(TEST_HOST)";
				CODE_SIGN_STYLE = Automatic;
				DEVELOPMENT_TEAM = 78HNRQ59C4;
				INFOPLIST_FILE = "add2app-hostTests/Info.plist";
				IPHONEOS_DEPLOYMENT_TARGET = 14.0;
				LD_RUNPATH_SEARCH_PATHS = (
					"$(inherited)",
					"@executable_path/Frameworks",
					"@loader_path/Frameworks",
				);
				PRODUCT_BUNDLE_IDENTIFIER = "com.github.sakebook.add2app-hostTests";
				PRODUCT_NAME = "$(TARGET_NAME)";
				SWIFT_VERSION = 5.0;
				TARGETED_DEVICE_FAMILY = "1,2";
				TEST_HOST = "$(BUILT_PRODUCTS_DIR)/add2app-host.app/add2app-host";
			};
			name = Release;
		};
		50072B9726FCA99B0075B684 /* Debug */ = {
			isa = XCBuildConfiguration;
			baseConfigurationReference = 73C78E0DEE8BE2ACEF18A194 /* Pods-add2app-host-add2app-hostUITests.debug.xcconfig */;
			buildSettings = {
				ALWAYS_EMBED_SWIFT_STANDARD_LIBRARIES = YES;
				CODE_SIGN_STYLE = Automatic;
				DEVELOPMENT_TEAM = 78HNRQ59C4;
				INFOPLIST_FILE = "add2app-hostUITests/Info.plist";
				LD_RUNPATH_SEARCH_PATHS = (
					"$(inherited)",
					"@executable_path/Frameworks",
					"@loader_path/Frameworks",
				);
				PRODUCT_BUNDLE_IDENTIFIER = "com.github.sakebook.add2app-hostUITests";
				PRODUCT_NAME = "$(TARGET_NAME)";
				SWIFT_VERSION = 5.0;
				TARGETED_DEVICE_FAMILY = "1,2";
				TEST_TARGET_NAME = "add2app-host";
			};
			name = Debug;
		};
		50072B9826FCA99B0075B684 /* Release */ = {
			isa = XCBuildConfiguration;
			baseConfigurationReference = 40AE28192DF41AAFB1EC4567 /* Pods-add2app-host-add2app-hostUITests.release.xcconfig */;
			buildSettings = {
				ALWAYS_EMBED_SWIFT_STANDARD_LIBRARIES = YES;
				CODE_SIGN_STYLE = Automatic;
				DEVELOPMENT_TEAM = 78HNRQ59C4;
				INFOPLIST_FILE = "add2app-hostUITests/Info.plist";
				LD_RUNPATH_SEARCH_PATHS = (
					"$(inherited)",
					"@executable_path/Frameworks",
					"@loader_path/Frameworks",
				);
				PRODUCT_BUNDLE_IDENTIFIER = "com.github.sakebook.add2app-hostUITests";
				PRODUCT_NAME = "$(TARGET_NAME)";
				SWIFT_VERSION = 5.0;
				TARGETED_DEVICE_FAMILY = "1,2";
				TEST_TARGET_NAME = "add2app-host";
			};
			name = Release;
		};
/* End XCBuildConfiguration section */

/* Begin XCConfigurationList section */
		50072B6626FCA9990075B684 /* Build configuration list for PBXProject "add2app-host" */ = {
			isa = XCConfigurationList;
			buildConfigurations = (
				50072B8E26FCA99B0075B684 /* Debug */,
				50072B8F26FCA99B0075B684 /* Release */,
			);
			defaultConfigurationIsVisible = 0;
			defaultConfigurationName = Release;
		};
		50072B9026FCA99B0075B684 /* Build configuration list for PBXNativeTarget "add2app-host" */ = {
			isa = XCConfigurationList;
			buildConfigurations = (
				50072B9126FCA99B0075B684 /* Debug */,
				50072B9226FCA99B0075B684 /* Release */,
			);
			defaultConfigurationIsVisible = 0;
			defaultConfigurationName = Release;
		};
		50072B9326FCA99B0075B684 /* Build configuration list for PBXNativeTarget "add2app-hostTests" */ = {
			isa = XCConfigurationList;
			buildConfigurations = (
				50072B9426FCA99B0075B684 /* Debug */,
				50072B9526FCA99B0075B684 /* Release */,
			);
			defaultConfigurationIsVisible = 0;
			defaultConfigurationName = Release;
		};
		50072B9626FCA99B0075B684 /* Build configuration list for PBXNativeTarget "add2app-hostUITests" */ = {
			isa = XCConfigurationList;
			buildConfigurations = (
				50072B9726FCA99B0075B684 /* Debug */,
				50072B9826FCA99B0075B684 /* Release */,
			);
			defaultConfigurationIsVisible = 0;
			defaultConfigurationName = Release;
		};
/* End XCConfigurationList section */
	};
	rootObject = 50072B6326FCA9990075B684 /* Project object */;
}
